// !$*UTF8*$!
{
	archiveVersion = 1;
	classes = {
	};
	objectVersion = 46;
	objects = {

/* Begin PBXBuildFile section */
		DC0F9B4118A4EED4001749BB /* NSValue+CCBReader.h in Headers */ = {isa = PBXBuildFile; fileRef = DC0F9B2818A4EED4001749BB /* NSValue+CCBReader.h */; };
		DC0F9B4218A4EED4001749BB /* NSValue+CCBReader.m in Sources */ = {isa = PBXBuildFile; fileRef = DC0F9B2918A4EED4001749BB /* NSValue+CCBReader.m */; };
		DC0F9B4318A4EED4001749BB /* NSValue+CCBReader.m in Sources */ = {isa = PBXBuildFile; fileRef = DC0F9B2918A4EED4001749BB /* NSValue+CCBReader.m */; };
		DC0F9B4418A4EED4001749BB /* SKEmitterNode+CCBReader.h in Headers */ = {isa = PBXBuildFile; fileRef = DC0F9B2A18A4EED4001749BB /* SKEmitterNode+CCBReader.h */; };
		DC0F9B4518A4EED4001749BB /* SKEmitterNode+CCBReader.m in Sources */ = {isa = PBXBuildFile; fileRef = DC0F9B2B18A4EED4001749BB /* SKEmitterNode+CCBReader.m */; };
		DC0F9B4618A4EED4001749BB /* SKEmitterNode+CCBReader.m in Sources */ = {isa = PBXBuildFile; fileRef = DC0F9B2B18A4EED4001749BB /* SKEmitterNode+CCBReader.m */; };
		DC0F9B4718A4EED4001749BB /* SKLabelNode+CCBReader.h in Headers */ = {isa = PBXBuildFile; fileRef = DC0F9B2C18A4EED4001749BB /* SKLabelNode+CCBReader.h */; };
		DC0F9B4818A4EED4001749BB /* SKLabelNode+CCBReader.m in Sources */ = {isa = PBXBuildFile; fileRef = DC0F9B2D18A4EED4001749BB /* SKLabelNode+CCBReader.m */; };
		DC0F9B4918A4EED4001749BB /* SKLabelNode+CCBReader.m in Sources */ = {isa = PBXBuildFile; fileRef = DC0F9B2D18A4EED4001749BB /* SKLabelNode+CCBReader.m */; };
		DC0F9B4A18A4EED4001749BB /* SKNode+CCBReader.h in Headers */ = {isa = PBXBuildFile; fileRef = DC0F9B2E18A4EED4001749BB /* SKNode+CCBReader.h */; };
		DC0F9B4B18A4EED4001749BB /* SKNode+CCBReader.m in Sources */ = {isa = PBXBuildFile; fileRef = DC0F9B2F18A4EED4001749BB /* SKNode+CCBReader.m */; };
		DC0F9B4C18A4EED4001749BB /* SKNode+CCBReader.m in Sources */ = {isa = PBXBuildFile; fileRef = DC0F9B2F18A4EED4001749BB /* SKNode+CCBReader.m */; };
		DC0F9B4D18A4EED4001749BB /* SKPhysicsBody+CCBReader.h in Headers */ = {isa = PBXBuildFile; fileRef = DC0F9B3018A4EED4001749BB /* SKPhysicsBody+CCBReader.h */; };
		DC0F9B4E18A4EED4001749BB /* SKPhysicsBody+CCBReader.m in Sources */ = {isa = PBXBuildFile; fileRef = DC0F9B3118A4EED4001749BB /* SKPhysicsBody+CCBReader.m */; };
		DC0F9B4F18A4EED4001749BB /* SKPhysicsBody+CCBReader.m in Sources */ = {isa = PBXBuildFile; fileRef = DC0F9B3118A4EED4001749BB /* SKPhysicsBody+CCBReader.m */; };
		DC0F9B5018A4EED4001749BB /* SKSpriteNode+CCBReader.h in Headers */ = {isa = PBXBuildFile; fileRef = DC0F9B3218A4EED4001749BB /* SKSpriteNode+CCBReader.h */; };
		DC0F9B5118A4EED4001749BB /* SKSpriteNode+CCBReader.m in Sources */ = {isa = PBXBuildFile; fileRef = DC0F9B3318A4EED4001749BB /* SKSpriteNode+CCBReader.m */; };
		DC0F9B5218A4EED4001749BB /* SKSpriteNode+CCBReader.m in Sources */ = {isa = PBXBuildFile; fileRef = DC0F9B3318A4EED4001749BB /* SKSpriteNode+CCBReader.m */; };
		DC0F9B5318A4EED4001749BB /* SKTexture+CCBReader.h in Headers */ = {isa = PBXBuildFile; fileRef = DC0F9B3418A4EED4001749BB /* SKTexture+CCBReader.h */; };
		DC0F9B5418A4EED4001749BB /* SKTexture+CCBReader.m in Sources */ = {isa = PBXBuildFile; fileRef = DC0F9B3518A4EED4001749BB /* SKTexture+CCBReader.m */; };
		DC0F9B5518A4EED4001749BB /* SKTexture+CCBReader.m in Sources */ = {isa = PBXBuildFile; fileRef = DC0F9B3518A4EED4001749BB /* SKTexture+CCBReader.m */; };
		DC0F9B5618A4EED4001749BB /* CCColor.h in Headers */ = {isa = PBXBuildFile; fileRef = DC0F9B3718A4EED4001749BB /* CCColor.h */; };
		DC0F9B5718A4EED4001749BB /* CCColor.m in Sources */ = {isa = PBXBuildFile; fileRef = DC0F9B3818A4EED4001749BB /* CCColor.m */; };
		DC0F9B5818A4EED4001749BB /* CCColor.m in Sources */ = {isa = PBXBuildFile; fileRef = DC0F9B3818A4EED4001749BB /* CCColor.m */; };
		DC0F9B5918A4EED4001749BB /* CCConfiguration.h in Headers */ = {isa = PBXBuildFile; fileRef = DC0F9B3918A4EED4001749BB /* CCConfiguration.h */; };
		DC0F9B5A18A4EED4001749BB /* CCConfiguration.m in Sources */ = {isa = PBXBuildFile; fileRef = DC0F9B3A18A4EED4001749BB /* CCConfiguration.m */; };
		DC0F9B5B18A4EED4001749BB /* CCConfiguration.m in Sources */ = {isa = PBXBuildFile; fileRef = DC0F9B3A18A4EED4001749BB /* CCConfiguration.m */; };
		DC0F9B5C18A4EED4001749BB /* CCFileUtils.h in Headers */ = {isa = PBXBuildFile; fileRef = DC0F9B3B18A4EED4001749BB /* CCFileUtils.h */; };
		DC0F9B5D18A4EED4001749BB /* CCFileUtils.m in Sources */ = {isa = PBXBuildFile; fileRef = DC0F9B3C18A4EED4001749BB /* CCFileUtils.m */; };
		DC0F9B5E18A4EED4001749BB /* CCFileUtils.m in Sources */ = {isa = PBXBuildFile; fileRef = DC0F9B3C18A4EED4001749BB /* CCFileUtils.m */; };
		DC0F9B5F18A4EED4001749BB /* CCSpriteFrameCache.h in Headers */ = {isa = PBXBuildFile; fileRef = DC0F9B3D18A4EED4001749BB /* CCSpriteFrameCache.h */; };
		DC0F9B6018A4EED4001749BB /* CCSpriteFrameCache.m in Sources */ = {isa = PBXBuildFile; fileRef = DC0F9B3E18A4EED4001749BB /* CCSpriteFrameCache.m */; };
		DC0F9B6118A4EED4001749BB /* CCSpriteFrameCache.m in Sources */ = {isa = PBXBuildFile; fileRef = DC0F9B3E18A4EED4001749BB /* CCSpriteFrameCache.m */; };
		DC0F9B6218A4EED4001749BB /* CGPointExtension.h in Headers */ = {isa = PBXBuildFile; fileRef = DC0F9B3F18A4EED4001749BB /* CGPointExtension.h */; };
		DC0F9B6318A4EED4001749BB /* CGPointExtension.m in Sources */ = {isa = PBXBuildFile; fileRef = DC0F9B4018A4EED4001749BB /* CGPointExtension.m */; };
		DC0F9B6418A4EED4001749BB /* CGPointExtension.m in Sources */ = {isa = PBXBuildFile; fileRef = DC0F9B4018A4EED4001749BB /* CGPointExtension.m */; };
		DC5D4FF418B4F768007EF00C /* CCBSpriteKitAnimationManager.h in Headers */ = {isa = PBXBuildFile; fileRef = DC5D4FF218B4F768007EF00C /* CCBSpriteKitAnimationManager.h */; };
		DC5D4FF518B4F768007EF00C /* CCBSpriteKitAnimationManager.m in Sources */ = {isa = PBXBuildFile; fileRef = DC5D4FF318B4F768007EF00C /* CCBSpriteKitAnimationManager.m */; };
		DC5D4FF618B4F768007EF00C /* CCBSpriteKitAnimationManager.m in Sources */ = {isa = PBXBuildFile; fileRef = DC5D4FF318B4F768007EF00C /* CCBSpriteKitAnimationManager.m */; };
		DC5D4FF918B4FE5F007EF00C /* CCDirector.h in Headers */ = {isa = PBXBuildFile; fileRef = DC5D4FF718B4FE5F007EF00C /* CCDirector.h */; };
		DC5D4FFA18B4FE5F007EF00C /* CCDirector.m in Sources */ = {isa = PBXBuildFile; fileRef = DC5D4FF818B4FE5F007EF00C /* CCDirector.m */; };
		DC5D4FFB18B4FE5F007EF00C /* CCDirector.m in Sources */ = {isa = PBXBuildFile; fileRef = DC5D4FF818B4FE5F007EF00C /* CCDirector.m */; };
		DC5D4FFE18B4FF19007EF00C /* CCActionManager.h in Headers */ = {isa = PBXBuildFile; fileRef = DC5D4FFC18B4FF19007EF00C /* CCActionManager.h */; };
		DC5D4FFF18B4FF19007EF00C /* CCActionManager.m in Sources */ = {isa = PBXBuildFile; fileRef = DC5D4FFD18B4FF19007EF00C /* CCActionManager.m */; };
		DC5D500018B4FF19007EF00C /* CCActionManager.m in Sources */ = {isa = PBXBuildFile; fileRef = DC5D4FFD18B4FF19007EF00C /* CCActionManager.m */; };
		DC5D500918B504A6007EF00C /* SKAction+CCBReader.h in Headers */ = {isa = PBXBuildFile; fileRef = DC5D500718B504A6007EF00C /* SKAction+CCBReader.h */; };
		DC5D500A18B504A6007EF00C /* SKAction+CCBReader.m in Sources */ = {isa = PBXBuildFile; fileRef = DC5D500818B504A6007EF00C /* SKAction+CCBReader.m */; };
		DC5D500B18B504A6007EF00C /* SKAction+CCBReader.m in Sources */ = {isa = PBXBuildFile; fileRef = DC5D500818B504A6007EF00C /* SKAction+CCBReader.m */; };
		DC5D501918B5158B007EF00C /* CCActions.h in Headers */ = {isa = PBXBuildFile; fileRef = DC5D501718B5158B007EF00C /* CCActions.h */; };
		DC5D501A18B5158B007EF00C /* CCActions.m in Sources */ = {isa = PBXBuildFile; fileRef = DC5D501818B5158B007EF00C /* CCActions.m */; };
		DC5D501B18B5158B007EF00C /* CCActions.m in Sources */ = {isa = PBXBuildFile; fileRef = DC5D501818B5158B007EF00C /* CCActions.m */; };
		DC8C7B9518A95F96000D29DC /* CCBAnimationManager.h in Headers */ = {isa = PBXBuildFile; fileRef = DC8C7B8718A95F96000D29DC /* CCBAnimationManager.h */; };
		DC8C7B9618A95F96000D29DC /* CCBAnimationManager.m in Sources */ = {isa = PBXBuildFile; fileRef = DC8C7B8818A95F96000D29DC /* CCBAnimationManager.m */; };
		DC8C7B9718A95F96000D29DC /* CCBAnimationManager.m in Sources */ = {isa = PBXBuildFile; fileRef = DC8C7B8818A95F96000D29DC /* CCBAnimationManager.m */; };
		DC8C7B9818A95F96000D29DC /* CCBKeyframe.h in Headers */ = {isa = PBXBuildFile; fileRef = DC8C7B8918A95F96000D29DC /* CCBKeyframe.h */; };
		DC8C7B9918A95F96000D29DC /* CCBKeyframe.m in Sources */ = {isa = PBXBuildFile; fileRef = DC8C7B8A18A95F96000D29DC /* CCBKeyframe.m */; };
		DC8C7B9A18A95F96000D29DC /* CCBKeyframe.m in Sources */ = {isa = PBXBuildFile; fileRef = DC8C7B8A18A95F96000D29DC /* CCBKeyframe.m */; };
		DC8C7B9B18A95F96000D29DC /* CCBLocalizationManager.h in Headers */ = {isa = PBXBuildFile; fileRef = DC8C7B8B18A95F96000D29DC /* CCBLocalizationManager.h */; };
		DC8C7B9C18A95F96000D29DC /* CCBLocalizationManager.m in Sources */ = {isa = PBXBuildFile; fileRef = DC8C7B8C18A95F96000D29DC /* CCBLocalizationManager.m */; };
		DC8C7B9D18A95F96000D29DC /* CCBLocalizationManager.m in Sources */ = {isa = PBXBuildFile; fileRef = DC8C7B8C18A95F96000D29DC /* CCBLocalizationManager.m */; };
		DC8C7B9E18A95F96000D29DC /* CCBReader.h in Headers */ = {isa = PBXBuildFile; fileRef = DC8C7B8D18A95F96000D29DC /* CCBReader.h */; };
		DC8C7B9F18A95F96000D29DC /* CCBReader.m in Sources */ = {isa = PBXBuildFile; fileRef = DC8C7B8E18A95F96000D29DC /* CCBReader.m */; };
		DC8C7BA018A95F96000D29DC /* CCBReader.m in Sources */ = {isa = PBXBuildFile; fileRef = DC8C7B8E18A95F96000D29DC /* CCBReader.m */; };
		DC8C7BA118A95F96000D29DC /* CCBReader_Private.h in Headers */ = {isa = PBXBuildFile; fileRef = DC8C7B8F18A95F96000D29DC /* CCBReader_Private.h */; };
		DC8C7BA218A95F96000D29DC /* CCBSequence.h in Headers */ = {isa = PBXBuildFile; fileRef = DC8C7B9018A95F96000D29DC /* CCBSequence.h */; };
		DC8C7BA318A95F96000D29DC /* CCBsequence.m in Sources */ = {isa = PBXBuildFile; fileRef = DC8C7B9118A95F96000D29DC /* CCBsequence.m */; };
		DC8C7BA418A95F96000D29DC /* CCBsequence.m in Sources */ = {isa = PBXBuildFile; fileRef = DC8C7B9118A95F96000D29DC /* CCBsequence.m */; };
		DC8C7BA518A95F96000D29DC /* CCBSequenceProperty.h in Headers */ = {isa = PBXBuildFile; fileRef = DC8C7B9218A95F96000D29DC /* CCBSequenceProperty.h */; };
		DC8C7BA618A95F96000D29DC /* CCBSequenceProperty.m in Sources */ = {isa = PBXBuildFile; fileRef = DC8C7B9318A95F96000D29DC /* CCBSequenceProperty.m */; };
		DC8C7BA718A95F96000D29DC /* CCBSequenceProperty.m in Sources */ = {isa = PBXBuildFile; fileRef = DC8C7B9318A95F96000D29DC /* CCBSequenceProperty.m */; };
		DC8C7BA818A95F96000D29DC /* CCBuilderReader.h in Headers */ = {isa = PBXBuildFile; fileRef = DC8C7B9418A95F96000D29DC /* CCBuilderReader.h */; };
		DCB5328018BBBA43006E5162 /* SB+SpriteKit-OSX-Prefix.pch in Headers */ = {isa = PBXBuildFile; fileRef = DCB5327E18BBBA43006E5162 /* SB+SpriteKit-OSX-Prefix.pch */; };
		DCD9CF0418A148AA008B3444 /* Cocoa.framework in Frameworks */ = {isa = PBXBuildFile; fileRef = DCD9CF0318A148AA008B3444 /* Cocoa.framework */; };
		DCD9CF3018A14908008B3444 /* Foundation.framework in Frameworks */ = {isa = PBXBuildFile; fileRef = DCD9CF2F18A14908008B3444 /* Foundation.framework */; };
		DCD9CF8018A149D7008B3444 /* CCBSpriteKitCompatibility.h in Headers */ = {isa = PBXBuildFile; fileRef = DCD9CF5C18A149D7008B3444 /* CCBSpriteKitCompatibility.h */; };
		DCD9CF8118A149D7008B3444 /* CCBSpriteKitDummy.h in Headers */ = {isa = PBXBuildFile; fileRef = DCD9CF5D18A149D7008B3444 /* CCBSpriteKitDummy.h */; };
		DCD9CF8218A149D7008B3444 /* CCBSpriteKitDummy.m in Sources */ = {isa = PBXBuildFile; fileRef = DCD9CF5E18A149D7008B3444 /* CCBSpriteKitDummy.m */; };
		DCD9CF8318A149D7008B3444 /* CCBSpriteKitDummy.m in Sources */ = {isa = PBXBuildFile; fileRef = DCD9CF5E18A149D7008B3444 /* CCBSpriteKitDummy.m */; };
		DCD9CF8418A149D7008B3444 /* CCBSpriteKitMacros.h in Headers */ = {isa = PBXBuildFile; fileRef = DCD9CF5F18A149D7008B3444 /* CCBSpriteKitMacros.h */; };
		DCD9CF8518A149D7008B3444 /* CCBSpriteKitReader.h in Headers */ = {isa = PBXBuildFile; fileRef = DCD9CF6018A149D7008B3444 /* CCBSpriteKitReader.h */; };
		DCD9CF8618A149D7008B3444 /* CCBSpriteKitReader.m in Sources */ = {isa = PBXBuildFile; fileRef = DCD9CF6118A149D7008B3444 /* CCBSpriteKitReader.m */; };
		DCD9CF8718A149D7008B3444 /* CCBSpriteKitReader.m in Sources */ = {isa = PBXBuildFile; fileRef = DCD9CF6118A149D7008B3444 /* CCBSpriteKitReader.m */; };
		DCD9CFD018A14B52008B3444 /* CoreGraphics.framework in Frameworks */ = {isa = PBXBuildFile; fileRef = DCD9CFCF18A14B52008B3444 /* CoreGraphics.framework */; };
		DCD9CFD218A14B58008B3444 /* CoreGraphics.framework in Frameworks */ = {isa = PBXBuildFile; fileRef = DCD9CFD118A14B58008B3444 /* CoreGraphics.framework */; };
		DCE0831918A159C000A0C368 /* SB+SpriteKit.h in Headers */ = {isa = PBXBuildFile; fileRef = DCE0831818A159C000A0C368 /* SB+SpriteKit.h */; };
/* End PBXBuildFile section */

/* Begin PBXCopyFilesBuildPhase section */
		DCD9CF2C18A14908008B3444 /* CopyFiles */ = {
			isa = PBXCopyFilesBuildPhase;
			buildActionMask = 2147483647;
			dstPath = "include/$(PRODUCT_NAME)";
			dstSubfolderSpec = 16;
			files = (
			);
			runOnlyForDeploymentPostprocessing = 0;
		};
/* End PBXCopyFilesBuildPhase section */

/* Begin PBXFileReference section */
		DC0F9B2818A4EED4001749BB /* NSValue+CCBReader.h */ = {isa = PBXFileReference; fileEncoding = 4; lastKnownFileType = sourcecode.c.h; path = "NSValue+CCBReader.h"; sourceTree = "<group>"; };
		DC0F9B2918A4EED4001749BB /* NSValue+CCBReader.m */ = {isa = PBXFileReference; fileEncoding = 4; lastKnownFileType = sourcecode.c.objc; path = "NSValue+CCBReader.m"; sourceTree = "<group>"; };
		DC0F9B2A18A4EED4001749BB /* SKEmitterNode+CCBReader.h */ = {isa = PBXFileReference; fileEncoding = 4; lastKnownFileType = sourcecode.c.h; path = "SKEmitterNode+CCBReader.h"; sourceTree = "<group>"; };
		DC0F9B2B18A4EED4001749BB /* SKEmitterNode+CCBReader.m */ = {isa = PBXFileReference; fileEncoding = 4; lastKnownFileType = sourcecode.c.objc; path = "SKEmitterNode+CCBReader.m"; sourceTree = "<group>"; };
		DC0F9B2C18A4EED4001749BB /* SKLabelNode+CCBReader.h */ = {isa = PBXFileReference; fileEncoding = 4; lastKnownFileType = sourcecode.c.h; path = "SKLabelNode+CCBReader.h"; sourceTree = "<group>"; };
		DC0F9B2D18A4EED4001749BB /* SKLabelNode+CCBReader.m */ = {isa = PBXFileReference; fileEncoding = 4; lastKnownFileType = sourcecode.c.objc; path = "SKLabelNode+CCBReader.m"; sourceTree = "<group>"; };
		DC0F9B2E18A4EED4001749BB /* SKNode+CCBReader.h */ = {isa = PBXFileReference; fileEncoding = 4; lastKnownFileType = sourcecode.c.h; path = "SKNode+CCBReader.h"; sourceTree = "<group>"; };
		DC0F9B2F18A4EED4001749BB /* SKNode+CCBReader.m */ = {isa = PBXFileReference; fileEncoding = 4; lastKnownFileType = sourcecode.c.objc; path = "SKNode+CCBReader.m"; sourceTree = "<group>"; };
		DC0F9B3018A4EED4001749BB /* SKPhysicsBody+CCBReader.h */ = {isa = PBXFileReference; fileEncoding = 4; lastKnownFileType = sourcecode.c.h; path = "SKPhysicsBody+CCBReader.h"; sourceTree = "<group>"; };
		DC0F9B3118A4EED4001749BB /* SKPhysicsBody+CCBReader.m */ = {isa = PBXFileReference; fileEncoding = 4; lastKnownFileType = sourcecode.c.objc; path = "SKPhysicsBody+CCBReader.m"; sourceTree = "<group>"; };
		DC0F9B3218A4EED4001749BB /* SKSpriteNode+CCBReader.h */ = {isa = PBXFileReference; fileEncoding = 4; lastKnownFileType = sourcecode.c.h; path = "SKSpriteNode+CCBReader.h"; sourceTree = "<group>"; };
		DC0F9B3318A4EED4001749BB /* SKSpriteNode+CCBReader.m */ = {isa = PBXFileReference; fileEncoding = 4; lastKnownFileType = sourcecode.c.objc; path = "SKSpriteNode+CCBReader.m"; sourceTree = "<group>"; };
		DC0F9B3418A4EED4001749BB /* SKTexture+CCBReader.h */ = {isa = PBXFileReference; fileEncoding = 4; lastKnownFileType = sourcecode.c.h; path = "SKTexture+CCBReader.h"; sourceTree = "<group>"; };
		DC0F9B3518A4EED4001749BB /* SKTexture+CCBReader.m */ = {isa = PBXFileReference; fileEncoding = 4; lastKnownFileType = sourcecode.c.objc; path = "SKTexture+CCBReader.m"; sourceTree = "<group>"; };
		DC0F9B3718A4EED4001749BB /* CCColor.h */ = {isa = PBXFileReference; fileEncoding = 4; lastKnownFileType = sourcecode.c.h; path = CCColor.h; sourceTree = "<group>"; };
		DC0F9B3818A4EED4001749BB /* CCColor.m */ = {isa = PBXFileReference; fileEncoding = 4; lastKnownFileType = sourcecode.c.objc; path = CCColor.m; sourceTree = "<group>"; };
		DC0F9B3918A4EED4001749BB /* CCConfiguration.h */ = {isa = PBXFileReference; fileEncoding = 4; lastKnownFileType = sourcecode.c.h; path = CCConfiguration.h; sourceTree = "<group>"; };
		DC0F9B3A18A4EED4001749BB /* CCConfiguration.m */ = {isa = PBXFileReference; fileEncoding = 4; lastKnownFileType = sourcecode.c.objc; path = CCConfiguration.m; sourceTree = "<group>"; };
		DC0F9B3B18A4EED4001749BB /* CCFileUtils.h */ = {isa = PBXFileReference; fileEncoding = 4; lastKnownFileType = sourcecode.c.h; path = CCFileUtils.h; sourceTree = "<group>"; };
		DC0F9B3C18A4EED4001749BB /* CCFileUtils.m */ = {isa = PBXFileReference; fileEncoding = 4; lastKnownFileType = sourcecode.c.objc; path = CCFileUtils.m; sourceTree = "<group>"; };
		DC0F9B3D18A4EED4001749BB /* CCSpriteFrameCache.h */ = {isa = PBXFileReference; fileEncoding = 4; lastKnownFileType = sourcecode.c.h; path = CCSpriteFrameCache.h; sourceTree = "<group>"; };
		DC0F9B3E18A4EED4001749BB /* CCSpriteFrameCache.m */ = {isa = PBXFileReference; fileEncoding = 4; lastKnownFileType = sourcecode.c.objc; path = CCSpriteFrameCache.m; sourceTree = "<group>"; };
		DC0F9B3F18A4EED4001749BB /* CGPointExtension.h */ = {isa = PBXFileReference; fileEncoding = 4; lastKnownFileType = sourcecode.c.h; path = CGPointExtension.h; sourceTree = "<group>"; };
		DC0F9B4018A4EED4001749BB /* CGPointExtension.m */ = {isa = PBXFileReference; fileEncoding = 4; lastKnownFileType = sourcecode.c.objc; path = CGPointExtension.m; sourceTree = "<group>"; };
		DC5D4FF218B4F768007EF00C /* CCBSpriteKitAnimationManager.h */ = {isa = PBXFileReference; fileEncoding = 4; lastKnownFileType = sourcecode.c.h; path = CCBSpriteKitAnimationManager.h; sourceTree = "<group>"; };
		DC5D4FF318B4F768007EF00C /* CCBSpriteKitAnimationManager.m */ = {isa = PBXFileReference; fileEncoding = 4; lastKnownFileType = sourcecode.c.objc; path = CCBSpriteKitAnimationManager.m; sourceTree = "<group>"; };
		DC5D4FF718B4FE5F007EF00C /* CCDirector.h */ = {isa = PBXFileReference; fileEncoding = 4; lastKnownFileType = sourcecode.c.h; path = CCDirector.h; sourceTree = "<group>"; };
		DC5D4FF818B4FE5F007EF00C /* CCDirector.m */ = {isa = PBXFileReference; fileEncoding = 4; lastKnownFileType = sourcecode.c.objc; path = CCDirector.m; sourceTree = "<group>"; };
		DC5D4FFC18B4FF19007EF00C /* CCActionManager.h */ = {isa = PBXFileReference; fileEncoding = 4; lastKnownFileType = sourcecode.c.h; path = CCActionManager.h; sourceTree = "<group>"; };
		DC5D4FFD18B4FF19007EF00C /* CCActionManager.m */ = {isa = PBXFileReference; fileEncoding = 4; lastKnownFileType = sourcecode.c.objc; path = CCActionManager.m; sourceTree = "<group>"; };
		DC5D500718B504A6007EF00C /* SKAction+CCBReader.h */ = {isa = PBXFileReference; fileEncoding = 4; lastKnownFileType = sourcecode.c.h; path = "SKAction+CCBReader.h"; sourceTree = "<group>"; };
		DC5D500818B504A6007EF00C /* SKAction+CCBReader.m */ = {isa = PBXFileReference; fileEncoding = 4; lastKnownFileType = sourcecode.c.objc; path = "SKAction+CCBReader.m"; sourceTree = "<group>"; };
		DC5D501718B5158B007EF00C /* CCActions.h */ = {isa = PBXFileReference; fileEncoding = 4; lastKnownFileType = sourcecode.c.h; path = CCActions.h; sourceTree = "<group>"; };
		DC5D501818B5158B007EF00C /* CCActions.m */ = {isa = PBXFileReference; fileEncoding = 4; lastKnownFileType = sourcecode.c.objc; path = CCActions.m; sourceTree = "<group>"; };
		DC8C7B8718A95F96000D29DC /* CCBAnimationManager.h */ = {isa = PBXFileReference; fileEncoding = 4; lastKnownFileType = sourcecode.c.h; path = CCBAnimationManager.h; sourceTree = "<group>"; };
		DC8C7B8818A95F96000D29DC /* CCBAnimationManager.m */ = {isa = PBXFileReference; fileEncoding = 4; lastKnownFileType = sourcecode.c.objc; path = CCBAnimationManager.m; sourceTree = "<group>"; };
		DC8C7B8918A95F96000D29DC /* CCBKeyframe.h */ = {isa = PBXFileReference; fileEncoding = 4; lastKnownFileType = sourcecode.c.h; path = CCBKeyframe.h; sourceTree = "<group>"; };
		DC8C7B8A18A95F96000D29DC /* CCBKeyframe.m */ = {isa = PBXFileReference; fileEncoding = 4; lastKnownFileType = sourcecode.c.objc; path = CCBKeyframe.m; sourceTree = "<group>"; };
		DC8C7B8B18A95F96000D29DC /* CCBLocalizationManager.h */ = {isa = PBXFileReference; fileEncoding = 4; lastKnownFileType = sourcecode.c.h; path = CCBLocalizationManager.h; sourceTree = "<group>"; };
		DC8C7B8C18A95F96000D29DC /* CCBLocalizationManager.m */ = {isa = PBXFileReference; fileEncoding = 4; lastKnownFileType = sourcecode.c.objc; path = CCBLocalizationManager.m; sourceTree = "<group>"; };
		DC8C7B8D18A95F96000D29DC /* CCBReader.h */ = {isa = PBXFileReference; fileEncoding = 4; lastKnownFileType = sourcecode.c.h; path = CCBReader.h; sourceTree = "<group>"; };
		DC8C7B8E18A95F96000D29DC /* CCBReader.m */ = {isa = PBXFileReference; fileEncoding = 4; lastKnownFileType = sourcecode.c.objc; path = CCBReader.m; sourceTree = "<group>"; };
		DC8C7B8F18A95F96000D29DC /* CCBReader_Private.h */ = {isa = PBXFileReference; fileEncoding = 4; lastKnownFileType = sourcecode.c.h; path = CCBReader_Private.h; sourceTree = "<group>"; };
		DC8C7B9018A95F96000D29DC /* CCBSequence.h */ = {isa = PBXFileReference; fileEncoding = 4; lastKnownFileType = sourcecode.c.h; path = CCBSequence.h; sourceTree = "<group>"; };
		DC8C7B9118A95F96000D29DC /* CCBsequence.m */ = {isa = PBXFileReference; fileEncoding = 4; lastKnownFileType = sourcecode.c.objc; path = CCBsequence.m; sourceTree = "<group>"; };
		DC8C7B9218A95F96000D29DC /* CCBSequenceProperty.h */ = {isa = PBXFileReference; fileEncoding = 4; lastKnownFileType = sourcecode.c.h; path = CCBSequenceProperty.h; sourceTree = "<group>"; };
		DC8C7B9318A95F96000D29DC /* CCBSequenceProperty.m */ = {isa = PBXFileReference; fileEncoding = 4; lastKnownFileType = sourcecode.c.objc; path = CCBSequenceProperty.m; sourceTree = "<group>"; };
		DC8C7B9418A95F96000D29DC /* CCBuilderReader.h */ = {isa = PBXFileReference; fileEncoding = 4; lastKnownFileType = sourcecode.c.h; path = CCBuilderReader.h; sourceTree = "<group>"; };
		DC8C7BCC18AA7375000D29DC /* ccTypes.h */ = {isa = PBXFileReference; lastKnownFileType = sourcecode.c.h; path = ccTypes.h; sourceTree = "<group>"; };
		DCB5327D18BBBA43006E5162 /* SB+SpriteKit-iOS-Prefix.pch */ = {isa = PBXFileReference; fileEncoding = 4; lastKnownFileType = sourcecode.c.h; path = "SB+SpriteKit-iOS-Prefix.pch"; sourceTree = "<group>"; };
		DCB5327E18BBBA43006E5162 /* SB+SpriteKit-OSX-Prefix.pch */ = {isa = PBXFileReference; fileEncoding = 4; lastKnownFileType = sourcecode.c.h; path = "SB+SpriteKit-OSX-Prefix.pch"; sourceTree = "<group>"; };
		DCD08A4118B4C5CE00B211C8 /* CCBCocosTypes.h */ = {isa = PBXFileReference; lastKnownFileType = sourcecode.c.h; path = CCBCocosTypes.h; sourceTree = "<group>"; };
		DCD9CF0018A148AA008B3444 /* libSB+SpriteKit-OSX.a */ = {isa = PBXFileReference; explicitFileType = archive.ar; includeInIndex = 0; path = "libSB+SpriteKit-OSX.a"; sourceTree = BUILT_PRODUCTS_DIR; };
		DCD9CF0318A148AA008B3444 /* Cocoa.framework */ = {isa = PBXFileReference; lastKnownFileType = wrapper.framework; name = Cocoa.framework; path = System/Library/Frameworks/Cocoa.framework; sourceTree = SDKROOT; };
		DCD9CF0618A148AA008B3444 /* Foundation.framework */ = {isa = PBXFileReference; lastKnownFileType = wrapper.framework; name = Foundation.framework; path = System/Library/Frameworks/Foundation.framework; sourceTree = SDKROOT; };
		DCD9CF0718A148AA008B3444 /* CoreData.framework */ = {isa = PBXFileReference; lastKnownFileType = wrapper.framework; name = CoreData.framework; path = System/Library/Frameworks/CoreData.framework; sourceTree = SDKROOT; };
		DCD9CF0818A148AA008B3444 /* AppKit.framework */ = {isa = PBXFileReference; lastKnownFileType = wrapper.framework; name = AppKit.framework; path = System/Library/Frameworks/AppKit.framework; sourceTree = SDKROOT; };
		DCD9CF1418A148AA008B3444 /* XCTest.framework */ = {isa = PBXFileReference; lastKnownFileType = wrapper.framework; name = XCTest.framework; path = Library/Frameworks/XCTest.framework; sourceTree = DEVELOPER_DIR; };
		DCD9CF2E18A14908008B3444 /* libSB+SpriteKit-iOS.a */ = {isa = PBXFileReference; explicitFileType = archive.ar; includeInIndex = 0; path = "libSB+SpriteKit-iOS.a"; sourceTree = BUILT_PRODUCTS_DIR; };
		DCD9CF2F18A14908008B3444 /* Foundation.framework */ = {isa = PBXFileReference; lastKnownFileType = wrapper.framework; name = Foundation.framework; path = System/Library/Frameworks/Foundation.framework; sourceTree = SDKROOT; };
		DCD9CF3F18A14908008B3444 /* UIKit.framework */ = {isa = PBXFileReference; lastKnownFileType = wrapper.framework; name = UIKit.framework; path = Library/Frameworks/UIKit.framework; sourceTree = DEVELOPER_DIR; };
		DCD9CF5C18A149D7008B3444 /* CCBSpriteKitCompatibility.h */ = {isa = PBXFileReference; fileEncoding = 4; lastKnownFileType = sourcecode.c.h; path = CCBSpriteKitCompatibility.h; sourceTree = "<group>"; };
		DCD9CF5D18A149D7008B3444 /* CCBSpriteKitDummy.h */ = {isa = PBXFileReference; fileEncoding = 4; lastKnownFileType = sourcecode.c.h; path = CCBSpriteKitDummy.h; sourceTree = "<group>"; };
		DCD9CF5E18A149D7008B3444 /* CCBSpriteKitDummy.m */ = {isa = PBXFileReference; fileEncoding = 4; lastKnownFileType = sourcecode.c.objc; path = CCBSpriteKitDummy.m; sourceTree = "<group>"; };
		DCD9CF5F18A149D7008B3444 /* CCBSpriteKitMacros.h */ = {isa = PBXFileReference; fileEncoding = 4; lastKnownFileType = sourcecode.c.h; path = CCBSpriteKitMacros.h; sourceTree = "<group>"; };
		DCD9CF6018A149D7008B3444 /* CCBSpriteKitReader.h */ = {isa = PBXFileReference; fileEncoding = 4; lastKnownFileType = sourcecode.c.h; path = CCBSpriteKitReader.h; sourceTree = "<group>"; };
		DCD9CF6118A149D7008B3444 /* CCBSpriteKitReader.m */ = {isa = PBXFileReference; fileEncoding = 4; lastKnownFileType = sourcecode.c.objc; path = CCBSpriteKitReader.m; sourceTree = "<group>"; };
		DCD9CFCF18A14B52008B3444 /* CoreGraphics.framework */ = {isa = PBXFileReference; lastKnownFileType = wrapper.framework; name = CoreGraphics.framework; path = Platforms/iPhoneOS.platform/Developer/SDKs/iPhoneOS7.0.sdk/System/Library/Frameworks/CoreGraphics.framework; sourceTree = DEVELOPER_DIR; };
		DCD9CFD118A14B58008B3444 /* CoreGraphics.framework */ = {isa = PBXFileReference; lastKnownFileType = wrapper.framework; name = CoreGraphics.framework; path = System/Library/Frameworks/CoreGraphics.framework; sourceTree = SDKROOT; };
		DCE0831818A159C000A0C368 /* SB+SpriteKit.h */ = {isa = PBXFileReference; fileEncoding = 4; lastKnownFileType = sourcecode.c.h; path = "SB+SpriteKit.h"; sourceTree = "<group>"; };
/* End PBXFileReference section */

/* Begin PBXFrameworksBuildPhase section */
		DCD9CEFD18A148AA008B3444 /* Frameworks */ = {
			isa = PBXFrameworksBuildPhase;
			buildActionMask = 2147483647;
			files = (
				DCD9CFD218A14B58008B3444 /* CoreGraphics.framework in Frameworks */,
				DCD9CF0418A148AA008B3444 /* Cocoa.framework in Frameworks */,
			);
			runOnlyForDeploymentPostprocessing = 0;
		};
		DCD9CF2B18A14908008B3444 /* Frameworks */ = {
			isa = PBXFrameworksBuildPhase;
			buildActionMask = 2147483647;
			files = (
				DCD9CFD018A14B52008B3444 /* CoreGraphics.framework in Frameworks */,
				DCD9CF3018A14908008B3444 /* Foundation.framework in Frameworks */,
			);
			runOnlyForDeploymentPostprocessing = 0;
		};
/* End PBXFrameworksBuildPhase section */

/* Begin PBXGroup section */
		DC0F9B2718A4EED4001749BB /* reader-categories */ = {
			isa = PBXGroup;
			children = (
				DC0F9B2818A4EED4001749BB /* NSValue+CCBReader.h */,
				DC0F9B2918A4EED4001749BB /* NSValue+CCBReader.m */,
				DC0F9B2A18A4EED4001749BB /* SKEmitterNode+CCBReader.h */,
				DC0F9B2B18A4EED4001749BB /* SKEmitterNode+CCBReader.m */,
				DC0F9B2C18A4EED4001749BB /* SKLabelNode+CCBReader.h */,
				DC0F9B2D18A4EED4001749BB /* SKLabelNode+CCBReader.m */,
				DC0F9B2E18A4EED4001749BB /* SKNode+CCBReader.h */,
				DC0F9B2F18A4EED4001749BB /* SKNode+CCBReader.m */,
				DC0F9B3018A4EED4001749BB /* SKPhysicsBody+CCBReader.h */,
				DC0F9B3118A4EED4001749BB /* SKPhysicsBody+CCBReader.m */,
				DC0F9B3218A4EED4001749BB /* SKSpriteNode+CCBReader.h */,
				DC0F9B3318A4EED4001749BB /* SKSpriteNode+CCBReader.m */,
				DC0F9B3418A4EED4001749BB /* SKTexture+CCBReader.h */,
				DC0F9B3518A4EED4001749BB /* SKTexture+CCBReader.m */,
				DC5D500718B504A6007EF00C /* SKAction+CCBReader.h */,
				DC5D500818B504A6007EF00C /* SKAction+CCBReader.m */,
			);
			path = "reader-categories";
			sourceTree = "<group>";
		};
		DC0F9B3618A4EED4001749BB /* cocos2d-classes */ = {
			isa = PBXGroup;
			children = (
				DC8C7BCC18AA7375000D29DC /* ccTypes.h */,
				DC0F9B3718A4EED4001749BB /* CCColor.h */,
				DC0F9B3818A4EED4001749BB /* CCColor.m */,
				DC0F9B3918A4EED4001749BB /* CCConfiguration.h */,
				DC0F9B3A18A4EED4001749BB /* CCConfiguration.m */,
				DC0F9B3B18A4EED4001749BB /* CCFileUtils.h */,
				DC0F9B3C18A4EED4001749BB /* CCFileUtils.m */,
				DC0F9B3D18A4EED4001749BB /* CCSpriteFrameCache.h */,
				DC0F9B3E18A4EED4001749BB /* CCSpriteFrameCache.m */,
				DC0F9B3F18A4EED4001749BB /* CGPointExtension.h */,
				DC0F9B4018A4EED4001749BB /* CGPointExtension.m */,
				DC5D4FF718B4FE5F007EF00C /* CCDirector.h */,
				DC5D4FF818B4FE5F007EF00C /* CCDirector.m */,
				DC5D4FFC18B4FF19007EF00C /* CCActionManager.h */,
				DC5D4FFD18B4FF19007EF00C /* CCActionManager.m */,
				DC5D501718B5158B007EF00C /* CCActions.h */,
				DC5D501818B5158B007EF00C /* CCActions.m */,
			);
			path = "cocos2d-classes";
			sourceTree = "<group>";
		};
		DC8C7B8618A95F96000D29DC /* CCBReader */ = {
			isa = PBXGroup;
			children = (
				DC8C7B8718A95F96000D29DC /* CCBAnimationManager.h */,
				DC8C7B8818A95F96000D29DC /* CCBAnimationManager.m */,
				DC8C7B8918A95F96000D29DC /* CCBKeyframe.h */,
				DC8C7B8A18A95F96000D29DC /* CCBKeyframe.m */,
				DC8C7B8B18A95F96000D29DC /* CCBLocalizationManager.h */,
				DC8C7B8C18A95F96000D29DC /* CCBLocalizationManager.m */,
				DC8C7B8D18A95F96000D29DC /* CCBReader.h */,
				DC8C7B8E18A95F96000D29DC /* CCBReader.m */,
				DC8C7B8F18A95F96000D29DC /* CCBReader_Private.h */,
				DC8C7B9018A95F96000D29DC /* CCBSequence.h */,
				DC8C7B9118A95F96000D29DC /* CCBsequence.m */,
				DC8C7B9218A95F96000D29DC /* CCBSequenceProperty.h */,
				DC8C7B9318A95F96000D29DC /* CCBSequenceProperty.m */,
				DC8C7B9418A95F96000D29DC /* CCBuilderReader.h */,
			);
			path = CCBReader;
			sourceTree = "<group>";
		};
		DCB5328118BBBA4C006E5162 /* Supporting Files */ = {
			isa = PBXGroup;
			children = (
				DCB5327D18BBBA43006E5162 /* SB+SpriteKit-iOS-Prefix.pch */,
				DCB5327E18BBBA43006E5162 /* SB+SpriteKit-OSX-Prefix.pch */,
			);
			name = "Supporting Files";
			sourceTree = "<group>";
		};
		DCD9CEF718A148AA008B3444 = {
			isa = PBXGroup;
			children = (
				DCE0831818A159C000A0C368 /* SB+SpriteKit.h */,
				DC8C7B8618A95F96000D29DC /* CCBReader */,
				DCD9CF5B18A149D7008B3444 /* CCBReader+SpriteKitExtensions */,
				DCB5328118BBBA4C006E5162 /* Supporting Files */,
				DCD9CF0218A148AA008B3444 /* Frameworks */,
				DCD9CF0118A148AA008B3444 /* Products */,
			);
			sourceTree = "<group>";
		};
		DCD9CF0118A148AA008B3444 /* Products */ = {
			isa = PBXGroup;
			children = (
				DCD9CF0018A148AA008B3444 /* libSB+SpriteKit-OSX.a */,
				DCD9CF2E18A14908008B3444 /* libSB+SpriteKit-iOS.a */,
			);
			name = Products;
			sourceTree = "<group>";
		};
		DCD9CF0218A148AA008B3444 /* Frameworks */ = {
			isa = PBXGroup;
			children = (
				DCD9CFD118A14B58008B3444 /* CoreGraphics.framework */,
				DCD9CFCF18A14B52008B3444 /* CoreGraphics.framework */,
				DCD9CF0318A148AA008B3444 /* Cocoa.framework */,
				DCD9CF1418A148AA008B3444 /* XCTest.framework */,
				DCD9CF2F18A14908008B3444 /* Foundation.framework */,
				DCD9CF3F18A14908008B3444 /* UIKit.framework */,
				DCD9CF0518A148AA008B3444 /* Other Frameworks */,
			);
			name = Frameworks;
			sourceTree = "<group>";
		};
		DCD9CF0518A148AA008B3444 /* Other Frameworks */ = {
			isa = PBXGroup;
			children = (
				DCD9CF0618A148AA008B3444 /* Foundation.framework */,
				DCD9CF0718A148AA008B3444 /* CoreData.framework */,
				DCD9CF0818A148AA008B3444 /* AppKit.framework */,
			);
			name = "Other Frameworks";
			sourceTree = "<group>";
		};
		DCD9CF5B18A149D7008B3444 /* CCBReader+SpriteKitExtensions */ = {
			isa = PBXGroup;
			children = (
				DC0F9B2718A4EED4001749BB /* reader-categories */,
				DC0F9B3618A4EED4001749BB /* cocos2d-classes */,
				DCD9CF5C18A149D7008B3444 /* CCBSpriteKitCompatibility.h */,
				DCD08A4118B4C5CE00B211C8 /* CCBCocosTypes.h */,
				DCD9CF5F18A149D7008B3444 /* CCBSpriteKitMacros.h */,
				DCD9CF5D18A149D7008B3444 /* CCBSpriteKitDummy.h */,
				DCD9CF5E18A149D7008B3444 /* CCBSpriteKitDummy.m */,
				DCD9CF6018A149D7008B3444 /* CCBSpriteKitReader.h */,
				DCD9CF6118A149D7008B3444 /* CCBSpriteKitReader.m */,
				DC5D4FF218B4F768007EF00C /* CCBSpriteKitAnimationManager.h */,
				DC5D4FF318B4F768007EF00C /* CCBSpriteKitAnimationManager.m */,
			);
			path = "CCBReader+SpriteKitExtensions";
			sourceTree = "<group>";
		};
/* End PBXGroup section */

/* Begin PBXHeadersBuildPhase section */
		DCD9CEFE18A148AA008B3444 /* Headers */ = {
			isa = PBXHeadersBuildPhase;
			buildActionMask = 2147483647;
			files = (
				DCD9CF8518A149D7008B3444 /* CCBSpriteKitReader.h in Headers */,
				DCD9CF8118A149D7008B3444 /* CCBSpriteKitDummy.h in Headers */,
				DCD9CF8418A149D7008B3444 /* CCBSpriteKitMacros.h in Headers */,
				DC0F9B4A18A4EED4001749BB /* SKNode+CCBReader.h in Headers */,
				DC0F9B4D18A4EED4001749BB /* SKPhysicsBody+CCBReader.h in Headers */,
				DCB5328018BBBA43006E5162 /* SB+SpriteKit-OSX-Prefix.pch in Headers */,
				DC0F9B5318A4EED4001749BB /* SKTexture+CCBReader.h in Headers */,
				DC8C7B9518A95F96000D29DC /* CCBAnimationManager.h in Headers */,
				DC5D501918B5158B007EF00C /* CCActions.h in Headers */,
				DC5D500918B504A6007EF00C /* SKAction+CCBReader.h in Headers */,
				DCD9CF8018A149D7008B3444 /* CCBSpriteKitCompatibility.h in Headers */,
				DC0F9B5C18A4EED4001749BB /* CCFileUtils.h in Headers */,
				DC5D4FFE18B4FF19007EF00C /* CCActionManager.h in Headers */,
				DC8C7BA818A95F96000D29DC /* CCBuilderReader.h in Headers */,
				DC0F9B5F18A4EED4001749BB /* CCSpriteFrameCache.h in Headers */,
				DC5D4FF918B4FE5F007EF00C /* CCDirector.h in Headers */,
				DCE0831918A159C000A0C368 /* SB+SpriteKit.h in Headers */,
				DC0F9B5618A4EED4001749BB /* CCColor.h in Headers */,
				DC0F9B4718A4EED4001749BB /* SKLabelNode+CCBReader.h in Headers */,
				DC8C7B9E18A95F96000D29DC /* CCBReader.h in Headers */,
				DC5D4FF418B4F768007EF00C /* CCBSpriteKitAnimationManager.h in Headers */,
				DC8C7B9B18A95F96000D29DC /* CCBLocalizationManager.h in Headers */,
				DC0F9B5018A4EED4001749BB /* SKSpriteNode+CCBReader.h in Headers */,
				DC0F9B4418A4EED4001749BB /* SKEmitterNode+CCBReader.h in Headers */,
				DC8C7B9818A95F96000D29DC /* CCBKeyframe.h in Headers */,
				DC0F9B6218A4EED4001749BB /* CGPointExtension.h in Headers */,
				DC0F9B5918A4EED4001749BB /* CCConfiguration.h in Headers */,
				DC8C7BA218A95F96000D29DC /* CCBSequence.h in Headers */,
				DC0F9B4118A4EED4001749BB /* NSValue+CCBReader.h in Headers */,
				DC8C7BA118A95F96000D29DC /* CCBReader_Private.h in Headers */,
				DC8C7BA518A95F96000D29DC /* CCBSequenceProperty.h in Headers */,
			);
			runOnlyForDeploymentPostprocessing = 0;
		};
/* End PBXHeadersBuildPhase section */

/* Begin PBXNativeTarget section */
		DCD9CEFF18A148AA008B3444 /* SB+SpriteKit-OSX */ = {
			isa = PBXNativeTarget;
			buildConfigurationList = DCD9CF2418A148AA008B3444 /* Build configuration list for PBXNativeTarget "SB+SpriteKit-OSX" */;
			buildPhases = (
				DCD9CEFC18A148AA008B3444 /* Sources */,
				DCD9CEFD18A148AA008B3444 /* Frameworks */,
				DCD9CEFE18A148AA008B3444 /* Headers */,
			);
			buildRules = (
			);
			dependencies = (
			);
			name = "SB+SpriteKit-OSX";
			productName = "SB+SpriteKit";
			productReference = DCD9CF0018A148AA008B3444 /* libSB+SpriteKit-OSX.a */;
			productType = "com.apple.product-type.library.static";
		};
		DCD9CF2D18A14908008B3444 /* SB+SpriteKit-iOS */ = {
			isa = PBXNativeTarget;
			buildConfigurationList = DCD9CF4C18A14908008B3444 /* Build configuration list for PBXNativeTarget "SB+SpriteKit-iOS" */;
			buildPhases = (
				DCD9CF2A18A14908008B3444 /* Sources */,
				DCD9CF2B18A14908008B3444 /* Frameworks */,
				DCD9CF2C18A14908008B3444 /* CopyFiles */,
			);
			buildRules = (
			);
			dependencies = (
			);
			name = "SB+SpriteKit-iOS";
			productName = "SB+SpriteKit-iOS";
			productReference = DCD9CF2E18A14908008B3444 /* libSB+SpriteKit-iOS.a */;
			productType = "com.apple.product-type.library.static";
		};
/* End PBXNativeTarget section */

/* Begin PBXProject section */
		DCD9CEF818A148AA008B3444 /* Project object */ = {
			isa = PBXProject;
			attributes = {
				LastUpgradeCheck = 0500;
				ORGANIZATIONNAME = Apportable;
			};
			buildConfigurationList = DCD9CEFB18A148AA008B3444 /* Build configuration list for PBXProject "SB+SpriteKit" */;
			compatibilityVersion = "Xcode 3.2";
			developmentRegion = English;
			hasScannedForEncodings = 0;
			knownRegions = (
				en,
				English,
			);
			mainGroup = DCD9CEF718A148AA008B3444;
			productRefGroup = DCD9CF0118A148AA008B3444 /* Products */;
			projectDirPath = "";
			projectRoot = "";
			targets = (
				DCD9CF2D18A14908008B3444 /* SB+SpriteKit-iOS */,
				DCD9CEFF18A148AA008B3444 /* SB+SpriteKit-OSX */,
			);
		};
/* End PBXProject section */

/* Begin PBXSourcesBuildPhase section */
		DCD9CEFC18A148AA008B3444 /* Sources */ = {
			isa = PBXSourcesBuildPhase;
			buildActionMask = 2147483647;
			files = (
				DC0F9B4618A4EED4001749BB /* SKEmitterNode+CCBReader.m in Sources */,
				DC8C7BA418A95F96000D29DC /* CCBsequence.m in Sources */,
				DC0F9B5518A4EED4001749BB /* SKTexture+CCBReader.m in Sources */,
				DCD9CF8318A149D7008B3444 /* CCBSpriteKitDummy.m in Sources */,
				DC8C7B9A18A95F96000D29DC /* CCBKeyframe.m in Sources */,
				DC5D4FF618B4F768007EF00C /* CCBSpriteKitAnimationManager.m in Sources */,
				DC0F9B4318A4EED4001749BB /* NSValue+CCBReader.m in Sources */,
				DC8C7BA018A95F96000D29DC /* CCBReader.m in Sources */,
				DC0F9B5818A4EED4001749BB /* CCColor.m in Sources */,
				DC5D500B18B504A6007EF00C /* SKAction+CCBReader.m in Sources */,
				DC0F9B4F18A4EED4001749BB /* SKPhysicsBody+CCBReader.m in Sources */,
				DC0F9B6118A4EED4001749BB /* CCSpriteFrameCache.m in Sources */,
				DC0F9B6418A4EED4001749BB /* CGPointExtension.m in Sources */,
				DC5D4FFB18B4FE5F007EF00C /* CCDirector.m in Sources */,
				DC8C7B9718A95F96000D29DC /* CCBAnimationManager.m in Sources */,
				DC8C7B9D18A95F96000D29DC /* CCBLocalizationManager.m in Sources */,
				DC0F9B5218A4EED4001749BB /* SKSpriteNode+CCBReader.m in Sources */,
				DC0F9B4C18A4EED4001749BB /* SKNode+CCBReader.m in Sources */,
				DC0F9B5B18A4EED4001749BB /* CCConfiguration.m in Sources */,
				DC5D500018B4FF19007EF00C /* CCActionManager.m in Sources */,
				DC0F9B5E18A4EED4001749BB /* CCFileUtils.m in Sources */,
				DC5D501B18B5158B007EF00C /* CCActions.m in Sources */,
				DC8C7BA718A95F96000D29DC /* CCBSequenceProperty.m in Sources */,
				DC0F9B4918A4EED4001749BB /* SKLabelNode+CCBReader.m in Sources */,
				DCD9CF8718A149D7008B3444 /* CCBSpriteKitReader.m in Sources */,
			);
			runOnlyForDeploymentPostprocessing = 0;
		};
		DCD9CF2A18A14908008B3444 /* Sources */ = {
			isa = PBXSourcesBuildPhase;
			buildActionMask = 2147483647;
			files = (
				DC0F9B4518A4EED4001749BB /* SKEmitterNode+CCBReader.m in Sources */,
				DC8C7BA318A95F96000D29DC /* CCBsequence.m in Sources */,
				DC0F9B5418A4EED4001749BB /* SKTexture+CCBReader.m in Sources */,
				DCD9CF8218A149D7008B3444 /* CCBSpriteKitDummy.m in Sources */,
				DC8C7B9918A95F96000D29DC /* CCBKeyframe.m in Sources */,
				DC5D4FF518B4F768007EF00C /* CCBSpriteKitAnimationManager.m in Sources */,
				DC0F9B4218A4EED4001749BB /* NSValue+CCBReader.m in Sources */,
				DC8C7B9F18A95F96000D29DC /* CCBReader.m in Sources */,
				DC0F9B5718A4EED4001749BB /* CCColor.m in Sources */,
				DC5D500A18B504A6007EF00C /* SKAction+CCBReader.m in Sources */,
				DC0F9B4E18A4EED4001749BB /* SKPhysicsBody+CCBReader.m in Sources */,
				DC0F9B6018A4EED4001749BB /* CCSpriteFrameCache.m in Sources */,
				DC0F9B6318A4EED4001749BB /* CGPointExtension.m in Sources */,
				DC5D4FFA18B4FE5F007EF00C /* CCDirector.m in Sources */,
				DC8C7B9618A95F96000D29DC /* CCBAnimationManager.m in Sources */,
				DC8C7B9C18A95F96000D29DC /* CCBLocalizationManager.m in Sources */,
				DC0F9B5118A4EED4001749BB /* SKSpriteNode+CCBReader.m in Sources */,
				DC0F9B4B18A4EED4001749BB /* SKNode+CCBReader.m in Sources */,
				DC0F9B5A18A4EED4001749BB /* CCConfiguration.m in Sources */,
				DC5D4FFF18B4FF19007EF00C /* CCActionManager.m in Sources */,
				DC0F9B5D18A4EED4001749BB /* CCFileUtils.m in Sources */,
				DC5D501A18B5158B007EF00C /* CCActions.m in Sources */,
				DC8C7BA618A95F96000D29DC /* CCBSequenceProperty.m in Sources */,
				DC0F9B4818A4EED4001749BB /* SKLabelNode+CCBReader.m in Sources */,
				DCD9CF8618A149D7008B3444 /* CCBSpriteKitReader.m in Sources */,
			);
			runOnlyForDeploymentPostprocessing = 0;
		};
/* End PBXSourcesBuildPhase section */

/* Begin XCBuildConfiguration section */
		DCD9CF2218A148AA008B3444 /* Debug */ = {
			isa = XCBuildConfiguration;
			buildSettings = {
				ALWAYS_SEARCH_USER_PATHS = NO;
				CLANG_CXX_LANGUAGE_STANDARD = "gnu++0x";
				CLANG_CXX_LIBRARY = "libc++";
				CLANG_ENABLE_OBJC_ARC = YES;
				CLANG_WARN_BOOL_CONVERSION = YES;
				CLANG_WARN_CONSTANT_CONVERSION = YES;
				CLANG_WARN_DIRECT_OBJC_ISA_USAGE = YES_ERROR;
				CLANG_WARN_EMPTY_BODY = YES;
				CLANG_WARN_ENUM_CONVERSION = YES;
				CLANG_WARN_INT_CONVERSION = YES;
				CLANG_WARN_OBJC_ROOT_CLASS = YES_ERROR;
				CLANG_WARN__DUPLICATE_METHOD_MATCH = YES;
				COPY_PHASE_STRIP = NO;
				GCC_C_LANGUAGE_STANDARD = gnu99;
				GCC_DYNAMIC_NO_PIC = NO;
				GCC_ENABLE_OBJC_EXCEPTIONS = YES;
				GCC_OPTIMIZATION_LEVEL = 0;
				GCC_PREPROCESSOR_DEFINITIONS = (
					"DEBUG=1",
					"$(inherited)",
					"CCB_SPRITEKIT_READER=1",
				);
				GCC_SYMBOLS_PRIVATE_EXTERN = NO;
				GCC_WARN_64_TO_32_BIT_CONVERSION = YES;
				GCC_WARN_ABOUT_RETURN_TYPE = YES_ERROR;
				GCC_WARN_UNDECLARED_SELECTOR = YES;
				GCC_WARN_UNINITIALIZED_AUTOS = YES;
				GCC_WARN_UNUSED_FUNCTION = YES;
				GCC_WARN_UNUSED_VARIABLE = YES;
				HEADER_SEARCH_PATHS = (
					"$(inherited)",
					"/CCBReader+SpriteKitExtensions",
				);
				MACOSX_DEPLOYMENT_TARGET = 10.9;
				ONLY_ACTIVE_ARCH = YES;
				SDKROOT = macosx;
			};
			name = Debug;
		};
		DCD9CF2318A148AA008B3444 /* Release */ = {
			isa = XCBuildConfiguration;
			buildSettings = {
				ALWAYS_SEARCH_USER_PATHS = NO;
				CLANG_CXX_LANGUAGE_STANDARD = "gnu++0x";
				CLANG_CXX_LIBRARY = "libc++";
				CLANG_ENABLE_OBJC_ARC = YES;
				CLANG_WARN_BOOL_CONVERSION = YES;
				CLANG_WARN_CONSTANT_CONVERSION = YES;
				CLANG_WARN_DIRECT_OBJC_ISA_USAGE = YES_ERROR;
				CLANG_WARN_EMPTY_BODY = YES;
				CLANG_WARN_ENUM_CONVERSION = YES;
				CLANG_WARN_INT_CONVERSION = YES;
				CLANG_WARN_OBJC_ROOT_CLASS = YES_ERROR;
				CLANG_WARN__DUPLICATE_METHOD_MATCH = YES;
				COPY_PHASE_STRIP = YES;
				DEBUG_INFORMATION_FORMAT = "dwarf-with-dsym";
				ENABLE_NS_ASSERTIONS = NO;
				GCC_C_LANGUAGE_STANDARD = gnu99;
				GCC_ENABLE_OBJC_EXCEPTIONS = YES;
				GCC_PREPROCESSOR_DEFINITIONS = "CCB_SPRITEKIT_READER=1";
				GCC_WARN_64_TO_32_BIT_CONVERSION = YES;
				GCC_WARN_ABOUT_RETURN_TYPE = YES_ERROR;
				GCC_WARN_UNDECLARED_SELECTOR = YES;
				GCC_WARN_UNINITIALIZED_AUTOS = YES;
				GCC_WARN_UNUSED_FUNCTION = YES;
				GCC_WARN_UNUSED_VARIABLE = YES;
				HEADER_SEARCH_PATHS = (
					"$(inherited)",
					"/CCBReader+SpriteKitExtensions",
				);
				MACOSX_DEPLOYMENT_TARGET = 10.9;
				SDKROOT = macosx;
			};
			name = Release;
		};
		DCD9CF2518A148AA008B3444 /* Debug */ = {
			isa = XCBuildConfiguration;
			buildSettings = {
				GCC_PRECOMPILE_PREFIX_HEADER = YES;
				GCC_PREFIX_HEADER = "SB+SpriteKit-OSX-Prefix.pch";
				LIBRARY_SEARCH_PATHS = (
					"$(inherited)",
					"/depot-koboldkit/SpriteBuilder/SpriteBuilder/libs/cocos2d-iphone/build/Release",
					"/depot-koboldkit/SpriteBuilder/SpriteBuilder/libs/cocos2d-iphone/external/Chipmunk/msvc/glew/lib/Release/Win32",
					"/depot-koboldkit/SpriteBuilder/SpriteBuilder/libs/cocos2d-iphone/external/Chipmunk/msvc/glfw/lib-msvc100",
					"/depot-koboldkit/SpriteBuilder/SpriteBuilder/libs/cocos2d-iphone/external/Chipmunk/xcode/libGLEW/lib",
					"/depot-koboldkit/SpriteBuilder/SpriteBuilder/libs/cocos2d-iphone/external/Chipmunk/xcode/libglfw/lib",
				);
				PRODUCT_NAME = "SB+SpriteKit-OSX";
			};
			name = Debug;
		};
		DCD9CF2618A148AA008B3444 /* Release */ = {
			isa = XCBuildConfiguration;
			buildSettings = {
				GCC_PRECOMPILE_PREFIX_HEADER = YES;
				GCC_PREFIX_HEADER = "SB+SpriteKit-OSX-Prefix.pch";
				LIBRARY_SEARCH_PATHS = (
					"$(inherited)",
					"/depot-koboldkit/SpriteBuilder/SpriteBuilder/libs/cocos2d-iphone/build/Release",
					"/depot-koboldkit/SpriteBuilder/SpriteBuilder/libs/cocos2d-iphone/external/Chipmunk/msvc/glew/lib/Release/Win32",
					"/depot-koboldkit/SpriteBuilder/SpriteBuilder/libs/cocos2d-iphone/external/Chipmunk/msvc/glfw/lib-msvc100",
					"/depot-koboldkit/SpriteBuilder/SpriteBuilder/libs/cocos2d-iphone/external/Chipmunk/xcode/libGLEW/lib",
					"/depot-koboldkit/SpriteBuilder/SpriteBuilder/libs/cocos2d-iphone/external/Chipmunk/xcode/libglfw/lib",
				);
				PRODUCT_NAME = "SB+SpriteKit-OSX";
			};
			name = Release;
		};
		DCD9CF4D18A14908008B3444 /* Debug */ = {
			isa = XCBuildConfiguration;
			buildSettings = {
				ARCHS = "$(ARCHS_STANDARD_INCLUDING_64_BIT)";
				CLANG_ENABLE_MODULES = YES;
				DSTROOT = /tmp/SB_SpriteKit_iOS.dst;
				GCC_PRECOMPILE_PREFIX_HEADER = YES;
				GCC_PREFIX_HEADER = "SB+SpriteKit-iOS-Prefix.pch";
				GCC_PREPROCESSOR_DEFINITIONS = (
					"DEBUG=1",
					"$(inherited)",
				);
				IPHONEOS_DEPLOYMENT_TARGET = 7.0;
				LIBRARY_SEARCH_PATHS = (
					"$(inherited)",
					"/depot-koboldkit/SpriteBuilder/SpriteBuilder/libs/cocos2d-iphone/build/Release",
					"/depot-koboldkit/SpriteBuilder/SpriteBuilder/libs/cocos2d-iphone/external/Chipmunk/msvc/glew/lib/Release/Win32",
					"/depot-koboldkit/SpriteBuilder/SpriteBuilder/libs/cocos2d-iphone/external/Chipmunk/msvc/glfw/lib-msvc100",
					"/depot-koboldkit/SpriteBuilder/SpriteBuilder/libs/cocos2d-iphone/external/Chipmunk/xcode/libGLEW/lib",
					"/depot-koboldkit/SpriteBuilder/SpriteBuilder/libs/cocos2d-iphone/external/Chipmunk/xcode/libglfw/lib",
				);
				PRODUCT_NAME = "SB+SpriteKit-iOS";
				SDKROOT = iphoneos;
				SKIP_INSTALL = YES;
			};
			name = Debug;
		};
		DCD9CF4E18A14908008B3444 /* Release */ = {
			isa = XCBuildConfiguration;
			buildSettings = {
				ARCHS = "$(ARCHS_STANDARD_INCLUDING_64_BIT)";
				CLANG_ENABLE_MODULES = YES;
				DSTROOT = /tmp/SB_SpriteKit_iOS.dst;
				GCC_PRECOMPILE_PREFIX_HEADER = YES;
				GCC_PREFIX_HEADER = "SB+SpriteKit-iOS-Prefix.pch";
				IPHONEOS_DEPLOYMENT_TARGET = 7.0;
				LIBRARY_SEARCH_PATHS = (
					"$(inherited)",
					"/depot-koboldkit/SpriteBuilder/SpriteBuilder/libs/cocos2d-iphone/build/Release",
					"/depot-koboldkit/SpriteBuilder/SpriteBuilder/libs/cocos2d-iphone/external/Chipmunk/msvc/glew/lib/Release/Win32",
					"/depot-koboldkit/SpriteBuilder/SpriteBuilder/libs/cocos2d-iphone/external/Chipmunk/msvc/glfw/lib-msvc100",
					"/depot-koboldkit/SpriteBuilder/SpriteBuilder/libs/cocos2d-iphone/external/Chipmunk/xcode/libGLEW/lib",
					"/depot-koboldkit/SpriteBuilder/SpriteBuilder/libs/cocos2d-iphone/external/Chipmunk/xcode/libglfw/lib",
				);
				PRODUCT_NAME = "SB+SpriteKit-iOS";
				SDKROOT = iphoneos;
				SKIP_INSTALL = YES;
				VALIDATE_PRODUCT = YES;
			};
			name = Release;
		};
/* End XCBuildConfiguration section */

/* Begin XCConfigurationList section */
		DCD9CEFB18A148AA008B3444 /* Build configuration list for PBXProject "SB+SpriteKit" */ = {
			isa = XCConfigurationList;
			buildConfigurations = (
				DCD9CF2218A148AA008B3444 /* Debug */,
				DCD9CF2318A148AA008B3444 /* Release */,
			);
			defaultConfigurationIsVisible = 0;
			defaultConfigurationName = Release;
		};
		DCD9CF2418A148AA008B3444 /* Build configuration list for PBXNativeTarget "SB+SpriteKit-OSX" */ = {
			isa = XCConfigurationList;
			buildConfigurations = (
				DCD9CF2518A148AA008B3444 /* Debug */,
				DCD9CF2618A148AA008B3444 /* Release */,
			);
			defaultConfigurationIsVisible = 0;
			defaultConfigurationName = Release;
		};
		DCD9CF4C18A14908008B3444 /* Build configuration list for PBXNativeTarget "SB+SpriteKit-iOS" */ = {
			isa = XCConfigurationList;
			buildConfigurations = (
				DCD9CF4D18A14908008B3444 /* Debug */,
				DCD9CF4E18A14908008B3444 /* Release */,
			);
			defaultConfigurationIsVisible = 0;
			defaultConfigurationName = Release;
		};
/* End XCConfigurationList section */
	};
	rootObject = DCD9CEF818A148AA008B3444 /* Project object */;
}
